
Microsoft Visual Studio Solution File, Format Version 12.00
# Visual Studio 15
VisualStudioVersion = 15.0.27703.2018
MinimumVisualStudioVersion = 10.0.40219.1
Project("{9A19103F-16F7-4668-BE54-9A1E7A4F7556}") = "Bridge", "Bridge\Bridge.csproj", "{0C0181F2-94D7-4324-B579-3B594DAC27FC}"
EndProject
Project("{9A19103F-16F7-4668-BE54-9A1E7A4F7556}") = "ChainOfCommand", "ChainOfCommand\ChainOfCommand.csproj", "{5F38FE8F-A495-4E7D-A4E8-B5B7131127A4}"
EndProject
Project("{9A19103F-16F7-4668-BE54-9A1E7A4F7556}") = "Command", "Command\Command.csproj", "{8F59BCEF-5267-4C7F-A4EE-0E8A04BE10D9}"
EndProject
Project("{9A19103F-16F7-4668-BE54-9A1E7A4F7556}") = "Composite", "Composite\Composite.csproj", "{8FFDE51B-7DCA-4C15-9612-BAB446FB92DA}"
EndProject
Project("{9A19103F-16F7-4668-BE54-9A1E7A4F7556}") = "Decorator", "Decorator\Decorator.csproj", "{C36B12C4-CFE7-4CC0-81B5-DABB01170CDA}"
EndProject
Global
	GlobalSection(SolutionConfigurationPlatforms) = preSolution
		Debug|Any CPU = Debug|Any CPU
		Release|Any CPU = Release|Any CPU
	EndGlobalSection
	GlobalSection(ProjectConfigurationPlatforms) = postSolution
		{0C0181F2-94D7-4324-B579-3B594DAC27FC}.Debug|Any CPU.ActiveCfg = Debug|Any CPU
		{0C0181F2-94D7-4324-B579-3B594DAC27FC}.Debug|Any CPU.Build.0 = Debug|Any CPU
		{0C0181F2-94D7-4324-B579-3B594DAC27FC}.Release|Any CPU.ActiveCfg = Release|Any CPU
		{0C0181F2-94D7-4324-B579-3B594DAC27FC}.Release|Any CPU.Build.0 = Release|Any CPU
		{5F38FE8F-A495-4E7D-A4E8-B5B7131127A4}.Debug|Any CPU.ActiveCfg = Debug|Any CPU
		{5F38FE8F-A495-4E7D-A4E8-B5B7131127A4}.Debug|Any CPU.Build.0 = Debug|Any CPU
		{5F38FE8F-A495-4E7D-A4E8-B5B7131127A4}.Release|Any CPU.ActiveCfg = Release|Any CPU
		{5F38FE8F-A495-4E7D-A4E8-B5B7131127A4}.Release|Any CPU.Build.0 = Release|Any CPU
		{8F59BCEF-5267-4C7F-A4EE-0E8A04BE10D9}.Debug|Any CPU.ActiveCfg = Debug|Any CPU
		{8F59BCEF-5267-4C7F-A4EE-0E8A04BE10D9}.Debug|Any CPU.Build.0 = Debug|Any CPU
		{8F59BCEF-5267-4C7F-A4EE-0E8A04BE10D9}.Release|Any CPU.ActiveCfg = Release|Any CPU
		{8F59BCEF-5267-4C7F-A4EE-0E8A04BE10D9}.Release|Any CPU.Build.0 = Release|Any CPU
		{8FFDE51B-7DCA-4C15-9612-BAB446FB92DA}.Debug|Any CPU.ActiveCfg = Debug|Any CPU
		{8FFDE51B-7DCA-4C15-9612-BAB446FB92DA}.Debug|Any CPU.Build.0 = Debug|Any CPU
		{8FFDE51B-7DCA-4C15-9612-BAB446FB92DA}.Release|Any CPU.ActiveCfg = Release|Any CPU
		{8FFDE51B-7DCA-4C15-9612-BAB446FB92DA}.Release|Any CPU.Build.0 = Release|Any CPU
		{C36B12C4-CFE7-4CC0-81B5-DABB01170CDA}.Debug|Any CPU.ActiveCfg = Debug|Any CPU
		{C36B12C4-CFE7-4CC0-81B5-DABB01170CDA}.Debug|Any CPU.Build.0 = Debug|Any CPU
		{C36B12C4-CFE7-4CC0-81B5-DABB01170CDA}.Release|Any CPU.ActiveCfg = Release|Any CPU
		{C36B12C4-CFE7-4CC0-81B5-DABB01170CDA}.Release|Any CPU.Build.0 = Release|Any CPU
	EndGlobalSection
	GlobalSection(SolutionProperties) = preSolution
		HideSolutionNode = FALSE
	EndGlobalSection
	GlobalSection(ExtensibilityGlobals) = postSolution
		SolutionGuid = {6E4410F7-E6EA-42AE-BF38-628AC669916A}
	EndGlobalSection
EndGlobal
