
Microsoft Visual Studio Solution File, Format Version 12.00
# Visual Studio 15
VisualStudioVersion = 15.0.27703.2018
MinimumVisualStudioVersion = 10.0.40219.1
Project("{9A19103F-16F7-4668-BE54-9A1E7A4F7556}") = "Bridge", "Bridge\Bridge.csproj", "{0C0181F2-94D7-4324-B579-3B594DAC27FC}"
EndProject
Project("{9A19103F-16F7-4668-BE54-9A1E7A4F7556}") = "ChainOfCommand", "ChainOfCommand\ChainOfCommand.csproj", "{5F38FE8F-A495-4E7D-A4E8-B5B7131127A4}"
EndProject
Project("{9A19103F-16F7-4668-BE54-9A1E7A4F7556}") = "Command", "Command\Command.csproj", "{8F59BCEF-5267-4C7F-A4EE-0E8A04BE10D9}"
EndProject
Project("{9A19103F-16F7-4668-BE54-9A1E7A4F7556}") = "Composite", "Composite\Composite.csproj", "{8FFDE51B-7DCA-4C15-9612-BAB446FB92DA}"
EndProject
Project("{9A19103F-16F7-4668-BE54-9A1E7A4F7556}") = "Decorator", "Decorator\Decorator.csproj", "{C36B12C4-CFE7-4CC0-81B5-DABB01170CDA}"
EndProject
Project("{9A19103F-16F7-4668-BE54-9A1E7A4F7556}") = "Factory", "Factory\Factory.csproj", "{0F3FA70A-6B78-4FB7-B16E-4FC9CFDC9AC8}"
EndProject
Project("{FAE04EC0-301F-11D3-BF4B-00C04F79EFBC}") = "OO", "OO\OO.csproj", "{4B51C6CA-4C27-43D7-BDA8-FE8AB6D7863B}"
EndProject
Project("{FAE04EC0-301F-11D3-BF4B-00C04F79EFBC}") = "OO2-UntanglingStructure", "OO2-UntanglingStructure\OO2-UntanglingStructure.csproj", "{58C25A12-7EA6-439F-93E6-D6D800466ED1}"
EndProject
Project("{FAE04EC0-301F-11D3-BF4B-00C04F79EFBC}") = "OO-Imutable", "OO-Imutable\OO-Imutable.csproj", "{1C4664C2-254C-4BA7-A85B-6778DC787064}"
EndProject
Project("{FAE04EC0-301F-11D3-BF4B-00C04F79EFBC}") = "OO - Nulls", "OO - Nulls\OO - Nulls.csproj", "{7B1ADC9B-8106-4B61-B81D-710BCC26FBCF}"
EndProject
Project("{FAE04EC0-301F-11D3-BF4B-00C04F79EFBC}") = "OO - Exercise", "OO - Exercise\OO - Exercise.csproj", "{97FBE185-3CF4-4471-A497-CB0663F5FDBA}"
EndProject
Project("{2150E333-8FDC-42A3-9474-1A3956D46DE8}") = "Various", "Various", "{3F1B23DC-04FC-4184-812A-9261E17D13B8}"
EndProject
Project("{FAE04EC0-301F-11D3-BF4B-00C04F79EFBC}") = "VTable", "VTable\VTable.csproj", "{D9641158-7B61-45F1-866A-17D6BF3AFE28}"
EndProject
Project("{FAE04EC0-301F-11D3-BF4B-00C04F79EFBC}") = "Monads", "Monads\Monads.csproj", "{B52960BE-C28C-44BD-A582-85919FA75641}"
EndProject
Project("{FAE04EC0-301F-11D3-BF4B-00C04F79EFBC}") = "Generics", "Generics\Generics.csproj", "{11E68A46-87AC-4071-A9BF-F025578B50E6}"
EndProject
Project("{FAE04EC0-301F-11D3-BF4B-00C04F79EFBC}") = "Delegates", "Delegates\Delegates.csproj", "{B3BACF56-EBFB-4F3E-AEC6-E59BAD648817}"
EndProject
Project("{FAE04EC0-301F-11D3-BF4B-00C04F79EFBC}") = "Async", "Async\Async.csproj", "{59D1C368-9348-468A-AADB-ED26EC4D89D0}"
EndProject
Global
	GlobalSection(SolutionConfigurationPlatforms) = preSolution
		Debug|Any CPU = Debug|Any CPU
		Release|Any CPU = Release|Any CPU
	EndGlobalSection
	GlobalSection(ProjectConfigurationPlatforms) = postSolution
		{0C0181F2-94D7-4324-B579-3B594DAC27FC}.Debug|Any CPU.ActiveCfg = Debug|Any CPU
		{0C0181F2-94D7-4324-B579-3B594DAC27FC}.Debug|Any CPU.Build.0 = Debug|Any CPU
		{0C0181F2-94D7-4324-B579-3B594DAC27FC}.Release|Any CPU.ActiveCfg = Release|Any CPU
		{0C0181F2-94D7-4324-B579-3B594DAC27FC}.Release|Any CPU.Build.0 = Release|Any CPU
		{5F38FE8F-A495-4E7D-A4E8-B5B7131127A4}.Debug|Any CPU.ActiveCfg = Debug|Any CPU
		{5F38FE8F-A495-4E7D-A4E8-B5B7131127A4}.Debug|Any CPU.Build.0 = Debug|Any CPU
		{5F38FE8F-A495-4E7D-A4E8-B5B7131127A4}.Release|Any CPU.ActiveCfg = Release|Any CPU
		{5F38FE8F-A495-4E7D-A4E8-B5B7131127A4}.Release|Any CPU.Build.0 = Release|Any CPU
		{8F59BCEF-5267-4C7F-A4EE-0E8A04BE10D9}.Debug|Any CPU.ActiveCfg = Debug|Any CPU
		{8F59BCEF-5267-4C7F-A4EE-0E8A04BE10D9}.Debug|Any CPU.Build.0 = Debug|Any CPU
		{8F59BCEF-5267-4C7F-A4EE-0E8A04BE10D9}.Release|Any CPU.ActiveCfg = Release|Any CPU
		{8F59BCEF-5267-4C7F-A4EE-0E8A04BE10D9}.Release|Any CPU.Build.0 = Release|Any CPU
		{8FFDE51B-7DCA-4C15-9612-BAB446FB92DA}.Debug|Any CPU.ActiveCfg = Debug|Any CPU
		{8FFDE51B-7DCA-4C15-9612-BAB446FB92DA}.Debug|Any CPU.Build.0 = Debug|Any CPU
		{8FFDE51B-7DCA-4C15-9612-BAB446FB92DA}.Release|Any CPU.ActiveCfg = Release|Any CPU
		{8FFDE51B-7DCA-4C15-9612-BAB446FB92DA}.Release|Any CPU.Build.0 = Release|Any CPU
		{C36B12C4-CFE7-4CC0-81B5-DABB01170CDA}.Debug|Any CPU.ActiveCfg = Debug|Any CPU
		{C36B12C4-CFE7-4CC0-81B5-DABB01170CDA}.Debug|Any CPU.Build.0 = Debug|Any CPU
		{C36B12C4-CFE7-4CC0-81B5-DABB01170CDA}.Release|Any CPU.ActiveCfg = Release|Any CPU
		{C36B12C4-CFE7-4CC0-81B5-DABB01170CDA}.Release|Any CPU.Build.0 = Release|Any CPU
		{0F3FA70A-6B78-4FB7-B16E-4FC9CFDC9AC8}.Debug|Any CPU.ActiveCfg = Debug|Any CPU
		{0F3FA70A-6B78-4FB7-B16E-4FC9CFDC9AC8}.Debug|Any CPU.Build.0 = Debug|Any CPU
		{0F3FA70A-6B78-4FB7-B16E-4FC9CFDC9AC8}.Release|Any CPU.ActiveCfg = Release|Any CPU
		{0F3FA70A-6B78-4FB7-B16E-4FC9CFDC9AC8}.Release|Any CPU.Build.0 = Release|Any CPU
		{4B51C6CA-4C27-43D7-BDA8-FE8AB6D7863B}.Debug|Any CPU.ActiveCfg = Debug|Any CPU
		{4B51C6CA-4C27-43D7-BDA8-FE8AB6D7863B}.Debug|Any CPU.Build.0 = Debug|Any CPU
		{4B51C6CA-4C27-43D7-BDA8-FE8AB6D7863B}.Release|Any CPU.ActiveCfg = Release|Any CPU
		{4B51C6CA-4C27-43D7-BDA8-FE8AB6D7863B}.Release|Any CPU.Build.0 = Release|Any CPU
		{58C25A12-7EA6-439F-93E6-D6D800466ED1}.Debug|Any CPU.ActiveCfg = Debug|Any CPU
		{58C25A12-7EA6-439F-93E6-D6D800466ED1}.Debug|Any CPU.Build.0 = Debug|Any CPU
		{58C25A12-7EA6-439F-93E6-D6D800466ED1}.Release|Any CPU.ActiveCfg = Release|Any CPU
		{58C25A12-7EA6-439F-93E6-D6D800466ED1}.Release|Any CPU.Build.0 = Release|Any CPU
		{1C4664C2-254C-4BA7-A85B-6778DC787064}.Debug|Any CPU.ActiveCfg = Debug|Any CPU
		{1C4664C2-254C-4BA7-A85B-6778DC787064}.Debug|Any CPU.Build.0 = Debug|Any CPU
		{1C4664C2-254C-4BA7-A85B-6778DC787064}.Release|Any CPU.ActiveCfg = Release|Any CPU
		{1C4664C2-254C-4BA7-A85B-6778DC787064}.Release|Any CPU.Build.0 = Release|Any CPU
		{7B1ADC9B-8106-4B61-B81D-710BCC26FBCF}.Debug|Any CPU.ActiveCfg = Debug|Any CPU
		{7B1ADC9B-8106-4B61-B81D-710BCC26FBCF}.Debug|Any CPU.Build.0 = Debug|Any CPU
		{7B1ADC9B-8106-4B61-B81D-710BCC26FBCF}.Release|Any CPU.ActiveCfg = Release|Any CPU
		{7B1ADC9B-8106-4B61-B81D-710BCC26FBCF}.Release|Any CPU.Build.0 = Release|Any CPU
		{97FBE185-3CF4-4471-A497-CB0663F5FDBA}.Debug|Any CPU.ActiveCfg = Debug|Any CPU
		{97FBE185-3CF4-4471-A497-CB0663F5FDBA}.Debug|Any CPU.Build.0 = Debug|Any CPU
		{97FBE185-3CF4-4471-A497-CB0663F5FDBA}.Release|Any CPU.ActiveCfg = Release|Any CPU
		{97FBE185-3CF4-4471-A497-CB0663F5FDBA}.Release|Any CPU.Build.0 = Release|Any CPU
		{D9641158-7B61-45F1-866A-17D6BF3AFE28}.Debug|Any CPU.ActiveCfg = Debug|Any CPU
		{D9641158-7B61-45F1-866A-17D6BF3AFE28}.Debug|Any CPU.Build.0 = Debug|Any CPU
		{D9641158-7B61-45F1-866A-17D6BF3AFE28}.Release|Any CPU.ActiveCfg = Release|Any CPU
		{D9641158-7B61-45F1-866A-17D6BF3AFE28}.Release|Any CPU.Build.0 = Release|Any CPU
		{B52960BE-C28C-44BD-A582-85919FA75641}.Debug|Any CPU.ActiveCfg = Debug|Any CPU
		{B52960BE-C28C-44BD-A582-85919FA75641}.Debug|Any CPU.Build.0 = Debug|Any CPU
		{B52960BE-C28C-44BD-A582-85919FA75641}.Release|Any CPU.ActiveCfg = Release|Any CPU
		{B52960BE-C28C-44BD-A582-85919FA75641}.Release|Any CPU.Build.0 = Release|Any CPU
		{11E68A46-87AC-4071-A9BF-F025578B50E6}.Debug|Any CPU.ActiveCfg = Debug|Any CPU
		{11E68A46-87AC-4071-A9BF-F025578B50E6}.Debug|Any CPU.Build.0 = Debug|Any CPU
		{11E68A46-87AC-4071-A9BF-F025578B50E6}.Release|Any CPU.ActiveCfg = Release|Any CPU
		{11E68A46-87AC-4071-A9BF-F025578B50E6}.Release|Any CPU.Build.0 = Release|Any CPU
		{B3BACF56-EBFB-4F3E-AEC6-E59BAD648817}.Debug|Any CPU.ActiveCfg = Debug|Any CPU
		{B3BACF56-EBFB-4F3E-AEC6-E59BAD648817}.Debug|Any CPU.Build.0 = Debug|Any CPU
		{B3BACF56-EBFB-4F3E-AEC6-E59BAD648817}.Release|Any CPU.ActiveCfg = Release|Any CPU
		{B3BACF56-EBFB-4F3E-AEC6-E59BAD648817}.Release|Any CPU.Build.0 = Release|Any CPU
		{59D1C368-9348-468A-AADB-ED26EC4D89D0}.Debug|Any CPU.ActiveCfg = Debug|Any CPU
		{59D1C368-9348-468A-AADB-ED26EC4D89D0}.Debug|Any CPU.Build.0 = Debug|Any CPU
		{59D1C368-9348-468A-AADB-ED26EC4D89D0}.Release|Any CPU.ActiveCfg = Release|Any CPU
		{59D1C368-9348-468A-AADB-ED26EC4D89D0}.Release|Any CPU.Build.0 = Release|Any CPU
	EndGlobalSection
	GlobalSection(SolutionProperties) = preSolution
		HideSolutionNode = FALSE
	EndGlobalSection
	GlobalSection(NestedProjects) = preSolution
		{D9641158-7B61-45F1-866A-17D6BF3AFE28} = {3F1B23DC-04FC-4184-812A-9261E17D13B8}
		{B52960BE-C28C-44BD-A582-85919FA75641} = {3F1B23DC-04FC-4184-812A-9261E17D13B8}
		{11E68A46-87AC-4071-A9BF-F025578B50E6} = {3F1B23DC-04FC-4184-812A-9261E17D13B8}
		{B3BACF56-EBFB-4F3E-AEC6-E59BAD648817} = {3F1B23DC-04FC-4184-812A-9261E17D13B8}
		{59D1C368-9348-468A-AADB-ED26EC4D89D0} = {3F1B23DC-04FC-4184-812A-9261E17D13B8}
	EndGlobalSection
	GlobalSection(ExtensibilityGlobals) = postSolution
		SolutionGuid = {6E4410F7-E6EA-42AE-BF38-628AC669916A}
	EndGlobalSection
EndGlobal
